{
  "name": "_drawingsjs",
  "version": "1.0.0",
  "lockfileVersion": 2,
  "requires": true,
  "packages": {
    "": {
      "name": "_drawingsjs",
      "version": "1.0.0",
      "license": "ISC",
      "dependencies": {
        "colorjs.io": "^0.0.5"
      }
    },
    "node_modules/acorn": {
      "version": "7.4.1",
      "resolved": "https://registry.npmjs.org/acorn/-/acorn-7.4.1.tgz",
      "integrity": "sha512-nQyp0o1/mNdbTO1PO6kHkwSrmgZ0MT/jCCpNiwbUjGoRN4dlBhqJtoQuCnEOKzgTVwg0ZWiCoQy6SxMebQVh8A==",
      "bin": {
        "acorn": "bin/acorn"
      },
      "engines": {
        "node": ">=0.4.0"
      }
    },
    "node_modules/colorjs.io": {
      "version": "0.0.5",
      "resolved": "https://registry.npmjs.org/colorjs.io/-/colorjs.io-0.0.5.tgz",
      "integrity": "sha512-ZxozJyDt3+P0dUjkdKg6vP+fXKNyxxqybIqZAhOz4zjMwfHsLYlBjgPtx1hDqGule+QqEjcqNGbqs03iCfEMxQ==",
      "dependencies": {
        "acorn": "^7.3.1"
      }
    }
  },
  "dependencies": {
    "acorn": {
      "version": "7.4.1",
      "resolved": "https://registry.npmjs.org/acorn/-/acorn-7.4.1.tgz",
      "integrity": "sha512-nQyp0o1/mNdbTO1PO6kHkwSrmgZ0MT/jCCpNiwbUjGoRN4dlBhqJtoQuCnEOKzgTVwg0ZWiCoQy6SxMebQVh8A=="
    },
    "colorjs.io": {
      "version": "0.0.5",
      "resolved": "https://registry.npmjs.org/colorjs.io/-/colorjs.io-0.0.5.tgz",
      "integrity": "sha512-ZxozJyDt3+P0dUjkdKg6vP+fXKNyxxqybIqZAhOz4zjMwfHsLYlBjgPtx1hDqGule+QqEjcqNGbqs03iCfEMxQ==",
      "requires": {
        "acorn": "^7.3.1"
      }
    }
  }
}
